
Microsoft Visual Studio Solution File, Format Version 12.00
# Visual Studio Version 17
VisualStudioVersion = 17.0.32112.339
MinimumVisualStudioVersion = 10.0.40219.1
Project("{8BC9CEB8-8B4A-11D0-8D11-00A0C91BC942}") = "1-26 testing if statements", "1-26 testing if statements\1-26 testing if statements.vcxproj", "{B3BF32CA-D118-4D63-B0E8-7A349EFB7AA8}"
EndProject
Global
	GlobalSection(SolutionConfigurationPlatforms) = preSolution
		Debug|x64 = Debug|x64
		Debug|x86 = Debug|x86
		Release|x64 = Release|x64
		Release|x86 = Release|x86
	EndGlobalSection
	GlobalSection(ProjectConfigurationPlatforms) = postSolution
		{B3BF32CA-D118-4D63-B0E8-7A349EFB7AA8}.Debug|x64.ActiveCfg = Debug|x64
		{B3BF32CA-D118-4D63-B0E8-7A349EFB7AA8}.Debug|x64.Build.0 = Debug|x64
		{B3BF32CA-D118-4D63-B0E8-7A349EFB7AA8}.Debug|x86.ActiveCfg = Debug|Win32
		{B3BF32CA-D118-4D63-B0E8-7A349EFB7AA8}.Debug|x86.Build.0 = Debug|Win32
		{B3BF32CA-D118-4D63-B0E8-7A349EFB7AA8}.Release|x64.ActiveCfg = Release|x64
		{B3BF32CA-D118-4D63-B0E8-7A349EFB7AA8}.Release|x64.Build.0 = Release|x64
		{B3BF32CA-D118-4D63-B0E8-7A349EFB7AA8}.Release|x86.ActiveCfg = Release|Win32
		{B3BF32CA-D118-4D63-B0E8-7A349EFB7AA8}.Release|x86.Build.0 = Release|Win32
	EndGlobalSection
	GlobalSection(SolutionProperties) = preSolution
		HideSolutionNode = FALSE
	EndGlobalSection
	GlobalSection(ExtensibilityGlobals) = postSolution
		SolutionGuid = {8760FB83-4C35-4D4B-AF20-914852D52C0E}
	EndGlobalSection
EndGlobal
